{
  "name": "cc-plugins",
  "lockfileVersion": 2,
  "requires": true,
  "packages": {
    "": {
      "dependencies": {
        "cumcord-types": "^0.0.2"
      }
    },
    "node_modules/cumcord-types": {
      "version": "0.0.2",
      "resolved": "https://registry.npmjs.org/cumcord-types/-/cumcord-types-0.0.2.tgz",
      "integrity": "sha512-XBrvn7f4pvkDLq0q8dp6VaoTTASo7F7NT4gt0k6a46yHHiFrbWnrLqORya1+Wl3zjxfCLZs5XtEXRFMWBy9Q/w=="
    }
  },
  "dependencies": {
    "cumcord-types": {
      "version": "0.0.2",
      "resolved": "https://registry.npmjs.org/cumcord-types/-/cumcord-types-0.0.2.tgz",
      "integrity": "sha512-XBrvn7f4pvkDLq0q8dp6VaoTTASo7F7NT4gt0k6a46yHHiFrbWnrLqORya1+Wl3zjxfCLZs5XtEXRFMWBy9Q/w=="
    }
  }
}
